// !$*UTF8*$!
{
	archiveVersion = 1;
	classes = {
	};
	objectVersion = 48;
	objects = {

/* Begin PBXBuildFile section */
		3DC73641202D340D00C186EE /* OCSP.h in Headers */ = {isa = PBXBuildFile; fileRef = 3DC73640202D340D00C186EE /* OCSP.h */; };
		3DC73650202D342500C186EE /* OCSPChannelTests.m in Sources */ = {isa = PBXBuildFile; fileRef = 3DC7364F202D342500C186EE /* OCSPChannelTests.m */; };
		3DC73652202D342500C186EE /* libOCSP.a in Frameworks */ = {isa = PBXBuildFile; fileRef = 3DC7363D202D340D00C186EE /* libOCSP.a */; };
		3DC7365A202D3C5000C186EE /* OCSPChannel.h in Headers */ = {isa = PBXBuildFile; fileRef = 3DC73658202D3C5000C186EE /* OCSPChannel.h */; };
		3DC7365B202D3C5000C186EE /* OCSPChannel.m in Sources */ = {isa = PBXBuildFile; fileRef = 3DC73659202D3C5000C186EE /* OCSPChannel.m */; };
		BE857628202E954800BEBD43 /* OCSPAsyncChannel.h in Headers */ = {isa = PBXBuildFile; fileRef = BE857626202E954800BEBD43 /* OCSPAsyncChannel.h */; };
		BE857629202E954800BEBD43 /* OCSPAsyncChannel.m in Sources */ = {isa = PBXBuildFile; fileRef = BE857627202E954800BEBD43 /* OCSPAsyncChannel.m */; };
		BE85762B202E9FAC00BEBD43 /* OCSPAsyncChannelTests.m in Sources */ = {isa = PBXBuildFile; fileRef = BE85762A202E9FAC00BEBD43 /* OCSPAsyncChannelTests.m */; };
/* End PBXBuildFile section */

/* Begin PBXContainerItemProxy section */
		3DC73653202D342500C186EE /* PBXContainerItemProxy */ = {
			isa = PBXContainerItemProxy;
			containerPortal = 3DC73635202D340D00C186EE /* Project object */;
			proxyType = 1;
			remoteGlobalIDString = 3DC7363C202D340D00C186EE;
			remoteInfo = OCSP;
		};
/* End PBXContainerItemProxy section */

/* Begin PBXFileReference section */
		3DC7363D202D340D00C186EE /* libOCSP.a */ = {isa = PBXFileReference; explicitFileType = archive.ar; includeInIndex = 0; path = libOCSP.a; sourceTree = BUILT_PRODUCTS_DIR; };
		3DC73640202D340D00C186EE /* OCSP.h */ = {isa = PBXFileReference; lastKnownFileType = sourcecode.c.h; path = OCSP.h; sourceTree = "<group>"; };
		3DC7364D202D342500C186EE /* OCSPTests.xctest */ = {isa = PBXFileReference; explicitFileType = wrapper.cfbundle; includeInIndex = 0; path = OCSPTests.xctest; sourceTree = BUILT_PRODUCTS_DIR; };
		3DC7364F202D342500C186EE /* OCSPChannelTests.m */ = {isa = PBXFileReference; lastKnownFileType = sourcecode.c.objc; path = OCSPChannelTests.m; sourceTree = "<group>"; };
		3DC73651202D342500C186EE /* Info.plist */ = {isa = PBXFileReference; lastKnownFileType = text.plist.xml; path = Info.plist; sourceTree = "<group>"; };
		3DC73658202D3C5000C186EE /* OCSPChannel.h */ = {isa = PBXFileReference; lastKnownFileType = sourcecode.c.h; path = OCSPChannel.h; sourceTree = "<group>"; };
		3DC73659202D3C5000C186EE /* OCSPChannel.m */ = {isa = PBXFileReference; lastKnownFileType = sourcecode.c.objc; path = OCSPChannel.m; sourceTree = "<group>"; };
		BE857626202E954800BEBD43 /* OCSPAsyncChannel.h */ = {isa = PBXFileReference; lastKnownFileType = sourcecode.c.h; path = OCSPAsyncChannel.h; sourceTree = "<group>"; };
		BE857627202E954800BEBD43 /* OCSPAsyncChannel.m */ = {isa = PBXFileReference; lastKnownFileType = sourcecode.c.objc; path = OCSPAsyncChannel.m; sourceTree = "<group>"; };
		BE85762A202E9FAC00BEBD43 /* OCSPAsyncChannelTests.m */ = {isa = PBXFileReference; lastKnownFileType = sourcecode.c.objc; path = OCSPAsyncChannelTests.m; sourceTree = "<group>"; };
/* End PBXFileReference section */

/* Begin PBXFrameworksBuildPhase section */
		3DC7363A202D340D00C186EE /* Frameworks */ = {
			isa = PBXFrameworksBuildPhase;
			buildActionMask = 2147483647;
			files = (
			);
			runOnlyForDeploymentPostprocessing = 0;
		};
		3DC7364A202D342500C186EE /* Frameworks */ = {
			isa = PBXFrameworksBuildPhase;
			buildActionMask = 2147483647;
			files = (
				3DC73652202D342500C186EE /* libOCSP.a in Frameworks */,
			);
			runOnlyForDeploymentPostprocessing = 0;
		};
/* End PBXFrameworksBuildPhase section */

/* Begin PBXGroup section */
		3DC73634202D340D00C186EE = {
			isa = PBXGroup;
			children = (
				3DC7363F202D340D00C186EE /* OCSP */,
				3DC7364E202D342500C186EE /* OCSPTests */,
				3DC7363E202D340D00C186EE /* Products */,
			);
			sourceTree = "<group>";
		};
		3DC7363E202D340D00C186EE /* Products */ = {
			isa = PBXGroup;
			children = (
				3DC7363D202D340D00C186EE /* libOCSP.a */,
				3DC7364D202D342500C186EE /* OCSPTests.xctest */,
			);
			name = Products;
			sourceTree = "<group>";
		};
		3DC7363F202D340D00C186EE /* OCSP */ = {
			isa = PBXGroup;
			children = (
				3DC73640202D340D00C186EE /* OCSP.h */,
				3DC73658202D3C5000C186EE /* OCSPChannel.h */,
				3DC73659202D3C5000C186EE /* OCSPChannel.m */,
				BE857626202E954800BEBD43 /* OCSPAsyncChannel.h */,
				BE857627202E954800BEBD43 /* OCSPAsyncChannel.m */,
			);
			path = OCSP;
			sourceTree = "<group>";
		};
		3DC7364E202D342500C186EE /* OCSPTests */ = {
			isa = PBXGroup;
			children = (
				3DC7364F202D342500C186EE /* OCSPChannelTests.m */,
				BE85762A202E9FAC00BEBD43 /* OCSPAsyncChannelTests.m */,
				3DC73651202D342500C186EE /* Info.plist */,
			);
			path = OCSPTests;
			sourceTree = "<group>";
		};
/* End PBXGroup section */

/* Begin PBXHeadersBuildPhase section */
		3DC7363B202D340D00C186EE /* Headers */ = {
			isa = PBXHeadersBuildPhase;
			buildActionMask = 2147483647;
			files = (
				3DC73641202D340D00C186EE /* OCSP.h in Headers */,
				BE857628202E954800BEBD43 /* OCSPAsyncChannel.h in Headers */,
				3DC7365A202D3C5000C186EE /* OCSPChannel.h in Headers */,
			);
			runOnlyForDeploymentPostprocessing = 0;
		};
/* End PBXHeadersBuildPhase section */

/* Begin PBXNativeTarget section */
		3DC7363C202D340D00C186EE /* OCSP */ = {
			isa = PBXNativeTarget;
			buildConfigurationList = 3DC73646202D340D00C186EE /* Build configuration list for PBXNativeTarget "OCSP" */;
			buildPhases = (
				3DC73639202D340D00C186EE /* Sources */,
				3DC7363A202D340D00C186EE /* Frameworks */,
				3DC7363B202D340D00C186EE /* Headers */,
			);
			buildRules = (
			);
			dependencies = (
			);
			name = OCSP;
			productName = OCSP;
			productReference = 3DC7363D202D340D00C186EE /* libOCSP.a */;
			productType = "com.apple.product-type.library.static";
		};
		3DC7364C202D342500C186EE /* OCSPTests */ = {
			isa = PBXNativeTarget;
			buildConfigurationList = 3DC73655202D342500C186EE /* Build configuration list for PBXNativeTarget "OCSPTests" */;
			buildPhases = (
				3DC73649202D342500C186EE /* Sources */,
				3DC7364A202D342500C186EE /* Frameworks */,
				3DC7364B202D342500C186EE /* Resources */,
			);
			buildRules = (
			);
			dependencies = (
				3DC73654202D342500C186EE /* PBXTargetDependency */,
			);
			name = OCSPTests;
			productName = OCSPTests;
			productReference = 3DC7364D202D342500C186EE /* OCSPTests.xctest */;
			productType = "com.apple.product-type.bundle.unit-test";
		};
/* End PBXNativeTarget section */

/* Begin PBXProject section */
		3DC73635202D340D00C186EE /* Project object */ = {
			isa = PBXProject;
			attributes = {
				LastUpgradeCheck = 0920;
				ORGANIZATIONNAME = coppercash;
				TargetAttributes = {
					3DC7363C202D340D00C186EE = {
						CreatedOnToolsVersion = 9.2;
						ProvisioningStyle = Automatic;
					};
					3DC7364C202D342500C186EE = {
						CreatedOnToolsVersion = 9.2;
						ProvisioningStyle = Automatic;
					};
				};
			};
			buildConfigurationList = 3DC73638202D340D00C186EE /* Build configuration list for PBXProject "OCSP" */;
			compatibilityVersion = "Xcode 8.0";
			developmentRegion = en;
			hasScannedForEncodings = 0;
			knownRegions = (
				en,
			);
			mainGroup = 3DC73634202D340D00C186EE;
			productRefGroup = 3DC7363E202D340D00C186EE /* Products */;
			projectDirPath = "";
			projectRoot = "";
			targets = (
				3DC7363C202D340D00C186EE /* OCSP */,
				3DC7364C202D342500C186EE /* OCSPTests */,
			);
		};
/* End PBXProject section */

/* Begin PBXResourcesBuildPhase section */
		3DC7364B202D342500C186EE /* Resources */ = {
			isa = PBXResourcesBuildPhase;
			buildActionMask = 2147483647;
			files = (
			);
			runOnlyForDeploymentPostprocessing = 0;
		};
/* End PBXResourcesBuildPhase section */

/* Begin PBXSourcesBuildPhase section */
		3DC73639202D340D00C186EE /* Sources */ = {
			isa = PBXSourcesBuildPhase;
			buildActionMask = 2147483647;
			files = (
				3DC7365B202D3C5000C186EE /* OCSPChannel.m in Sources */,
				BE857629202E954800BEBD43 /* OCSPAsyncChannel.m in Sources */,
			);
			runOnlyForDeploymentPostprocessing = 0;
		};
		3DC73649202D342500C186EE /* Sources */ = {
			isa = PBXSourcesBuildPhase;
			buildActionMask = 2147483647;
			files = (
				3DC73650202D342500C186EE /* OCSPChannelTests.m in Sources */,
				BE85762B202E9FAC00BEBD43 /* OCSPAsyncChannelTests.m in Sources */,
			);
			runOnlyForDeploymentPostprocessing = 0;
		};
/* End PBXSourcesBuildPhase section */

/* Begin PBXTargetDependency section */
		3DC73654202D342500C186EE /* PBXTargetDependency */ = {
			isa = PBXTargetDependency;
			target = 3DC7363C202D340D00C186EE /* OCSP */;
			targetProxy = 3DC73653202D342500C186EE /* PBXContainerItemProxy */;
		};
/* End PBXTargetDependency section */

/* Begin XCBuildConfiguration section */
		3DC73644202D340D00C186EE /* Debug */ = {
			isa = XCBuildConfiguration;
			buildSettings = {
				ALWAYS_SEARCH_USER_PATHS = NO;
				CLANG_ANALYZER_NONNULL = YES;
				CLANG_ANALYZER_NUMBER_OBJECT_CONVERSION = YES_AGGRESSIVE;
				CLANG_CXX_LANGUAGE_STANDARD = "gnu++14";
				CLANG_CXX_LIBRARY = "libc++";
				CLANG_ENABLE_MODULES = YES;
				CLANG_ENABLE_OBJC_ARC = YES;
				CLANG_WARN_BLOCK_CAPTURE_AUTORELEASING = YES;
				CLANG_WARN_BOOL_CONVERSION = YES;
				CLANG_WARN_COMMA = YES;
				CLANG_WARN_CONSTANT_CONVERSION = YES;
				CLANG_WARN_DIRECT_OBJC_ISA_USAGE = YES_ERROR;
				CLANG_WARN_DOCUMENTATION_COMMENTS = YES;
				CLANG_WARN_EMPTY_BODY = YES;
				CLANG_WARN_ENUM_CONVERSION = YES;
				CLANG_WARN_INFINITE_RECURSION = YES;
				CLANG_WARN_INT_CONVERSION = YES;
				CLANG_WARN_NON_LITERAL_NULL_CONVERSION = YES;
				CLANG_WARN_OBJC_LITERAL_CONVERSION = YES;
				CLANG_WARN_OBJC_ROOT_CLASS = YES_ERROR;
				CLANG_WARN_RANGE_LOOP_ANALYSIS = YES;
				CLANG_WARN_STRICT_PROTOTYPES = YES;
				CLANG_WARN_SUSPICIOUS_MOVE = YES;
				CLANG_WARN_UNGUARDED_AVAILABILITY = YES_AGGRESSIVE;
				CLANG_WARN_UNREACHABLE_CODE = YES;
				CLANG_WARN__DUPLICATE_METHOD_MATCH = YES;
				CODE_SIGN_IDENTITY = "-";
				COPY_PHASE_STRIP = NO;
				DEBUG_INFORMATION_FORMAT = dwarf;
				ENABLE_STRICT_OBJC_MSGSEND = YES;
				ENABLE_TESTABILITY = YES;
				GCC_C_LANGUAGE_STANDARD = gnu11;
				GCC_DYNAMIC_NO_PIC = NO;
				GCC_NO_COMMON_BLOCKS = YES;
				GCC_OPTIMIZATION_LEVEL = 0;
				GCC_PREPROCESSOR_DEFINITIONS = (
					"DEBUG=1",
					"$(inherited)",
				);
				GCC_WARN_64_TO_32_BIT_CONVERSION = YES;
				GCC_WARN_ABOUT_RETURN_TYPE = YES_ERROR;
				GCC_WARN_UNDECLARED_SELECTOR = YES;
				GCC_WARN_UNINITIALIZED_AUTOS = YES_AGGRESSIVE;
				GCC_WARN_UNUSED_FUNCTION = YES;
				GCC_WARN_UNUSED_VARIABLE = YES;
				MACOSX_DEPLOYMENT_TARGET = 10.13;
				MTL_ENABLE_DEBUG_INFO = YES;
				ONLY_ACTIVE_ARCH = YES;
				SDKROOT = macosx;
			};
			name = Debug;
		};
		3DC73645202D340D00C186EE /* Release */ = {
			isa = XCBuildConfiguration;
			buildSettings = {
				ALWAYS_SEARCH_USER_PATHS = NO;
				CLANG_ANALYZER_NONNULL = YES;
				CLANG_ANALYZER_NUMBER_OBJECT_CONVERSION = YES_AGGRESSIVE;
				CLANG_CXX_LANGUAGE_STANDARD = "gnu++14";
				CLANG_CXX_LIBRARY = "libc++";
				CLANG_ENABLE_MODULES = YES;
				CLANG_ENABLE_OBJC_ARC = YES;
				CLANG_WARN_BLOCK_CAPTURE_AUTORELEASING = YES;
				CLANG_WARN_BOOL_CONVERSION = YES;
				CLANG_WARN_COMMA = YES;
				CLANG_WARN_CONSTANT_CONVERSION = YES;
				CLANG_WARN_DIRECT_OBJC_ISA_USAGE = YES_ERROR;
				CLANG_WARN_DOCUMENTATION_COMMENTS = YES;
				CLANG_WARN_EMPTY_BODY = YES;
				CLANG_WARN_ENUM_CONVERSION = YES;
				CLANG_WARN_INFINITE_RECURSION = YES;
				CLANG_WARN_INT_CONVERSION = YES;
				CLANG_WARN_NON_LITERAL_NULL_CONVERSION = YES;
				CLANG_WARN_OBJC_LITERAL_CONVERSION = YES;
				CLANG_WARN_OBJC_ROOT_CLASS = YES_ERROR;
				CLANG_WARN_RANGE_LOOP_ANALYSIS = YES;
				CLANG_WARN_STRICT_PROTOTYPES = YES;
				CLANG_WARN_SUSPICIOUS_MOVE = YES;
				CLANG_WARN_UNGUARDED_AVAILABILITY = YES_AGGRESSIVE;
				CLANG_WARN_UNREACHABLE_CODE = YES;
				CLANG_WARN__DUPLICATE_METHOD_MATCH = YES;
				CODE_SIGN_IDENTITY = "-";
				COPY_PHASE_STRIP = NO;
				DEBUG_INFORMATION_FORMAT = "dwarf-with-dsym";
				ENABLE_NS_ASSERTIONS = NO;
				ENABLE_STRICT_OBJC_MSGSEND = YES;
				GCC_C_LANGUAGE_STANDARD = gnu11;
				GCC_NO_COMMON_BLOCKS = YES;
				GCC_WARN_64_TO_32_BIT_CONVERSION = YES;
				GCC_WARN_ABOUT_RETURN_TYPE = YES_ERROR;
				GCC_WARN_UNDECLARED_SELECTOR = YES;
				GCC_WARN_UNINITIALIZED_AUTOS = YES_AGGRESSIVE;
				GCC_WARN_UNUSED_FUNCTION = YES;
				GCC_WARN_UNUSED_VARIABLE = YES;
				MACOSX_DEPLOYMENT_TARGET = 10.13;
				MTL_ENABLE_DEBUG_INFO = NO;
				SDKROOT = macosx;
			};
			name = Release;
		};
		3DC73647202D340D00C186EE /* Debug */ = {
			isa = XCBuildConfiguration;
			buildSettings = {
				CODE_SIGN_STYLE = Automatic;
				EXECUTABLE_PREFIX = lib;
				PRODUCT_NAME = "$(TARGET_NAME)";
			};
			name = Debug;
		};
		3DC73648202D340D00C186EE /* Release */ = {
			isa = XCBuildConfiguration;
			buildSettings = {
				CODE_SIGN_STYLE = Automatic;
				EXECUTABLE_PREFIX = lib;
				PRODUCT_NAME = "$(TARGET_NAME)";
			};
			name = Release;
		};
		3DC73656202D342500C186EE /* Debug */ = {
			isa = XCBuildConfiguration;
			buildSettings = {
				CODE_SIGN_STYLE = Automatic;
				COMBINE_HIDPI_IMAGES = YES;
				HEADER_SEARCH_PATHS = "$(PROJECT_DIR)";
				INFOPLIST_FILE = OCSPTests/Info.plist;
				LD_RUNPATH_SEARCH_PATHS = "$(inherited) @executable_path/../Frameworks @loader_path/../Frameworks";
				PRODUCT_BUNDLE_IDENTIFIER = org.coppercash.OCSPTests;
				PRODUCT_NAME = "$(TARGET_NAME)";
			};
			name = Debug;
		};
		3DC73657202D342500C186EE /* Release */ = {
			isa = XCBuildConfiguration;
			buildSettings = {
				CODE_SIGN_STYLE = Automatic;
				COMBINE_HIDPI_IMAGES = YES;
				HEADER_SEARCH_PATHS = "$(PROJECT_DIR)";
				INFOPLIST_FILE = OCSPTests/Info.plist;
				LD_RUNPATH_SEARCH_PATHS = "$(inherited) @executable_path/../Frameworks @loader_path/../Frameworks";
				PRODUCT_BUNDLE_IDENTIFIER = org.coppercash.OCSPTests;
				PRODUCT_NAME = "$(TARGET_NAME)";
			};
			name = Release;
		};
/* End XCBuildConfiguration section */

/* Begin XCConfigurationList section */
		3DC73638202D340D00C186EE /* Build configuration list for PBXProject "OCSP" */ = {
			isa = XCConfigurationList;
			buildConfigurations = (
				3DC73644202D340D00C186EE /* Debug */,
				3DC73645202D340D00C186EE /* Release */,
			);
			defaultConfigurationIsVisible = 0;
			defaultConfigurationName = Release;
		};
		3DC73646202D340D00C186EE /* Build configuration list for PBXNativeTarget "OCSP" */ = {
			isa = XCConfigurationList;
			buildConfigurations = (
				3DC73647202D340D00C186EE /* Debug */,
				3DC73648202D340D00C186EE /* Release */,
			);
			defaultConfigurationIsVisible = 0;
			defaultConfigurationName = Release;
		};
		3DC73655202D342500C186EE /* Build configuration list for PBXNativeTarget "OCSPTests" */ = {
			isa = XCConfigurationList;
			buildConfigurations = (
				3DC73656202D342500C186EE /* Debug */,
				3DC73657202D342500C186EE /* Release */,
			);
			defaultConfigurationIsVisible = 0;
			defaultConfigurationName = Release;
		};
/* End XCConfigurationList section */
	};
	rootObject = 3DC73635202D340D00C186EE /* Project object */;
}
