// !$*UTF8*$!
{
	archiveVersion = 1;
	classes = {
	};
	objectVersion = 48;
	objects = {

/* Begin PBXBuildFile section */
		1B423F816A13F08A5167DB0A /* libPods-OCSP.a in Frameworks */ = {isa = PBXBuildFile; fileRef = A0AF509E155682FA9FBA550D /* libPods-OCSP.a */; };
		3D17E07D20538B5A001D3144 /* OCSPAsyncLock+Internal.h in Headers */ = {isa = PBXBuildFile; fileRef = 3D17E07B20538B5A001D3144 /* OCSPAsyncLock+Internal.h */; };
		3D27C849205B4FD900E59CA8 /* OCSP_RXPromise.h in Headers */ = {isa = PBXBuildFile; fileRef = 3D27C848205B4FD900E59CA8 /* OCSP_RXPromise.h */; };
		3D27C84B205B4FD900E59CA8 /* OCSP_RXPromise.m in Sources */ = {isa = PBXBuildFile; fileRef = 3D27C84A205B4FD900E59CA8 /* OCSP_RXPromise.m */; };
		3D27C856205B4FEE00E59CA8 /* OCSP_RXPromise_Tests.m in Sources */ = {isa = PBXBuildFile; fileRef = 3D27C855205B4FEE00E59CA8 /* OCSP_RXPromise_Tests.m */; };
		3D27C858205B4FEE00E59CA8 /* libOCSP_RXPromise.a in Frameworks */ = {isa = PBXBuildFile; fileRef = 3D27C846205B4FD900E59CA8 /* libOCSP_RXPromise.a */; };
		3D27C85E205B510B00E59CA8 /* libOCSP.a in Frameworks */ = {isa = PBXBuildFile; fileRef = 3DC7363D202D340D00C186EE /* libOCSP.a */; };
		3D27C85F205B520C00E59CA8 /* libRXPromise.a in Frameworks */ = {isa = PBXBuildFile; fileRef = 3D27C860205B520C00E59CA8 /* libRXPromise.a */; };
		3D89A55A2050F81100304ED7 /* OCSPAsyncLock.h in Headers */ = {isa = PBXBuildFile; fileRef = 3D89A5582050F81100304ED7 /* OCSPAsyncLock.h */; };
		3D89A55B2050F81100304ED7 /* OCSPAsyncLock.m in Sources */ = {isa = PBXBuildFile; fileRef = 3D89A5592050F81100304ED7 /* OCSPAsyncLock.m */; };
		3D89A55E2050F8B200304ED7 /* OCSPAsyncCondition.h in Headers */ = {isa = PBXBuildFile; fileRef = 3D89A55C2050F8B200304ED7 /* OCSPAsyncCondition.h */; };
		3D89A55F2050F8B200304ED7 /* OCSPAsyncCondition.m in Sources */ = {isa = PBXBuildFile; fileRef = 3D89A55D2050F8B200304ED7 /* OCSPAsyncCondition.m */; };
		3D8EDAA3204CCA7E0036E7B3 /* AsyncChannelSelectTests.swift in Sources */ = {isa = PBXBuildFile; fileRef = 3D8EDAA2204CCA7E0036E7B3 /* AsyncChannelSelectTests.swift */; };
		3DC73641202D340D00C186EE /* OCSP.h in Headers */ = {isa = PBXBuildFile; fileRef = 3DC73640202D340D00C186EE /* OCSP.h */; };
		3DC73652202D342500C186EE /* libOCSP.a in Frameworks */ = {isa = PBXBuildFile; fileRef = 3DC7363D202D340D00C186EE /* libOCSP.a */; };
		3DF4D5F82059FE1D00084143 /* NSArray+OCSP.h in Headers */ = {isa = PBXBuildFile; fileRef = 3DF4D5F62059FE1D00084143 /* NSArray+OCSP.h */; };
		3DF4D5F92059FE1D00084143 /* NSArray+OCSP.m in Sources */ = {isa = PBXBuildFile; fileRef = 3DF4D5F72059FE1D00084143 /* NSArray+OCSP.m */; };
		3DF4D635205A392300084143 /* OCSPAsyncSelect.h in Headers */ = {isa = PBXBuildFile; fileRef = 3DF4D633205A392300084143 /* OCSPAsyncSelect.h */; };
		3DF4D636205A392300084143 /* OCSPAsyncSelect.m in Sources */ = {isa = PBXBuildFile; fileRef = 3DF4D634205A392300084143 /* OCSPAsyncSelect.m */; };
		3DF4D639205A39DD00084143 /* OCSPAsyncSelect+Internal.h in Headers */ = {isa = PBXBuildFile; fileRef = 3DF4D637205A39DD00084143 /* OCSPAsyncSelect+Internal.h */; };
		BD4988E9E22E01C295735A45 /* libPods-OCSPTests.a in Frameworks */ = {isa = PBXBuildFile; fileRef = 8F00CFEEB959008D968509FA /* libPods-OCSPTests.a */; };
		BE3EE1122055442C00FA6389 /* OCSPAsyncCondition+Internal.h in Headers */ = {isa = PBXBuildFile; fileRef = BE3EE1102055442C00FA6389 /* OCSPAsyncCondition+Internal.h */; };
		BE748DEC203D39F600FE6749 /* OCSPAsyncReadWriteChannel.h in Headers */ = {isa = PBXBuildFile; fileRef = BE748DEA203D39F600FE6749 /* OCSPAsyncReadWriteChannel.h */; };
		BE748DED203D39F600FE6749 /* OCSPAsyncReadWriteChannel.m in Sources */ = {isa = PBXBuildFile; fileRef = BE748DEB203D39F600FE6749 /* OCSPAsyncReadWriteChannel.m */; };
		BE748E0C204161EC00FE6749 /* OCSPAsyncReadWriteChannel+Internal.h in Headers */ = {isa = PBXBuildFile; fileRef = BE748E0A204161EC00FE6749 /* OCSPAsyncReadWriteChannel+Internal.h */; };
		BE748E0D204161EC00FE6749 /* OCSPAsyncReadWriteChannel+Internal.m in Sources */ = {isa = PBXBuildFile; fileRef = BE748E0B204161EC00FE6749 /* OCSPAsyncReadWriteChannel+Internal.m */; };
		BE748E132042268200FE6749 /* AsyncChannelTestCase.swift in Sources */ = {isa = PBXBuildFile; fileRef = BE748E122042268200FE6749 /* AsyncChannelTestCase.swift */; };
		BE748E182042462400FE6749 /* AsyncChannelTests.swift in Sources */ = {isa = PBXBuildFile; fileRef = BE748E172042462400FE6749 /* AsyncChannelTests.swift */; };
		BE857628202E954800BEBD43 /* OCSPAsyncChannel.h in Headers */ = {isa = PBXBuildFile; fileRef = BE857626202E954800BEBD43 /* OCSPAsyncChannel.h */; };
		BE857629202E954800BEBD43 /* OCSPAsyncChannel.m in Sources */ = {isa = PBXBuildFile; fileRef = BE857627202E954800BEBD43 /* OCSPAsyncChannel.m */; };
		D7C5D9AE6528580D613A58E2 /* libPods-OCSP_RXPromise_Tests.a in Frameworks */ = {isa = PBXBuildFile; fileRef = 9BAED30640459F5D2C492CF1 /* libPods-OCSP_RXPromise_Tests.a */; };
		F33CCB9CB25994301318BD28 /* libPods-OCSP_RXPromise.a in Frameworks */ = {isa = PBXBuildFile; fileRef = 262C915368E5D2F3BC9A47DC /* libPods-OCSP_RXPromise.a */; };
/* End PBXBuildFile section */

/* Begin PBXContainerItemProxy section */
		3D27C859205B4FEE00E59CA8 /* PBXContainerItemProxy */ = {
			isa = PBXContainerItemProxy;
			containerPortal = 3DC73635202D340D00C186EE /* Project object */;
			proxyType = 1;
			remoteGlobalIDString = 3D27C845205B4FD900E59CA8;
			remoteInfo = OCSP_RXPromise;
		};
		3DC73653202D342500C186EE /* PBXContainerItemProxy */ = {
			isa = PBXContainerItemProxy;
			containerPortal = 3DC73635202D340D00C186EE /* Project object */;
			proxyType = 1;
			remoteGlobalIDString = 3DC7363C202D340D00C186EE;
			remoteInfo = OCSP;
		};
/* End PBXContainerItemProxy section */

/* Begin PBXFileReference section */
		2572E90F571E8974C97F23BA /* Pods-OCSP+RXPromise.release.xcconfig */ = {isa = PBXFileReference; includeInIndex = 1; lastKnownFileType = text.xcconfig; name = "Pods-OCSP+RXPromise.release.xcconfig"; path = "Pods/Target Support Files/Pods-OCSP+RXPromise/Pods-OCSP+RXPromise.release.xcconfig"; sourceTree = "<group>"; };
		262C915368E5D2F3BC9A47DC /* libPods-OCSP_RXPromise.a */ = {isa = PBXFileReference; explicitFileType = archive.ar; includeInIndex = 0; path = "libPods-OCSP_RXPromise.a"; sourceTree = BUILT_PRODUCTS_DIR; };
		3D17E07A2053870C001D3144 /* OCSPDebug.h */ = {isa = PBXFileReference; lastKnownFileType = sourcecode.c.h; path = OCSPDebug.h; sourceTree = "<group>"; };
		3D17E07B20538B5A001D3144 /* OCSPAsyncLock+Internal.h */ = {isa = PBXFileReference; lastKnownFileType = sourcecode.c.h; path = "OCSPAsyncLock+Internal.h"; sourceTree = "<group>"; };
		3D27C846205B4FD900E59CA8 /* libOCSP_RXPromise.a */ = {isa = PBXFileReference; explicitFileType = archive.ar; includeInIndex = 0; path = libOCSP_RXPromise.a; sourceTree = BUILT_PRODUCTS_DIR; };
		3D27C848205B4FD900E59CA8 /* OCSP_RXPromise.h */ = {isa = PBXFileReference; lastKnownFileType = sourcecode.c.h; path = OCSP_RXPromise.h; sourceTree = "<group>"; };
		3D27C84A205B4FD900E59CA8 /* OCSP_RXPromise.m */ = {isa = PBXFileReference; lastKnownFileType = sourcecode.c.objc; path = OCSP_RXPromise.m; sourceTree = "<group>"; };
		3D27C853205B4FEE00E59CA8 /* OCSP_RXPromise_Tests.xctest */ = {isa = PBXFileReference; explicitFileType = wrapper.cfbundle; includeInIndex = 0; path = OCSP_RXPromise_Tests.xctest; sourceTree = BUILT_PRODUCTS_DIR; };
		3D27C855205B4FEE00E59CA8 /* OCSP_RXPromise_Tests.m */ = {isa = PBXFileReference; lastKnownFileType = sourcecode.c.objc; path = OCSP_RXPromise_Tests.m; sourceTree = "<group>"; };
		3D27C857205B4FEE00E59CA8 /* Info.plist */ = {isa = PBXFileReference; lastKnownFileType = text.plist.xml; path = Info.plist; sourceTree = "<group>"; };
		3D27C860205B520C00E59CA8 /* libRXPromise.a */ = {isa = PBXFileReference; explicitFileType = archive.ar; path = libRXPromise.a; sourceTree = BUILT_PRODUCTS_DIR; };
		3D89A5582050F81100304ED7 /* OCSPAsyncLock.h */ = {isa = PBXFileReference; lastKnownFileType = sourcecode.c.h; path = OCSPAsyncLock.h; sourceTree = "<group>"; };
		3D89A5592050F81100304ED7 /* OCSPAsyncLock.m */ = {isa = PBXFileReference; lastKnownFileType = sourcecode.c.objc; path = OCSPAsyncLock.m; sourceTree = "<group>"; };
		3D89A55C2050F8B200304ED7 /* OCSPAsyncCondition.h */ = {isa = PBXFileReference; lastKnownFileType = sourcecode.c.h; path = OCSPAsyncCondition.h; sourceTree = "<group>"; };
		3D89A55D2050F8B200304ED7 /* OCSPAsyncCondition.m */ = {isa = PBXFileReference; lastKnownFileType = sourcecode.c.objc; path = OCSPAsyncCondition.m; sourceTree = "<group>"; };
		3D8EDAA2204CCA7E0036E7B3 /* AsyncChannelSelectTests.swift */ = {isa = PBXFileReference; lastKnownFileType = sourcecode.swift; path = AsyncChannelSelectTests.swift; sourceTree = "<group>"; };
		3DC7363D202D340D00C186EE /* libOCSP.a */ = {isa = PBXFileReference; explicitFileType = archive.ar; includeInIndex = 0; path = libOCSP.a; sourceTree = BUILT_PRODUCTS_DIR; };
		3DC73640202D340D00C186EE /* OCSP.h */ = {isa = PBXFileReference; lastKnownFileType = sourcecode.c.h; path = OCSP.h; sourceTree = "<group>"; };
		3DC7364D202D342500C186EE /* OCSPTests.xctest */ = {isa = PBXFileReference; explicitFileType = wrapper.cfbundle; includeInIndex = 0; path = OCSPTests.xctest; sourceTree = BUILT_PRODUCTS_DIR; };
		3DC73651202D342500C186EE /* Info.plist */ = {isa = PBXFileReference; lastKnownFileType = text.plist.xml; path = Info.plist; sourceTree = "<group>"; };
		3DF4D5F62059FE1D00084143 /* NSArray+OCSP.h */ = {isa = PBXFileReference; lastKnownFileType = sourcecode.c.h; path = "NSArray+OCSP.h"; sourceTree = "<group>"; };
		3DF4D5F72059FE1D00084143 /* NSArray+OCSP.m */ = {isa = PBXFileReference; lastKnownFileType = sourcecode.c.objc; path = "NSArray+OCSP.m"; sourceTree = "<group>"; };
		3DF4D633205A392300084143 /* OCSPAsyncSelect.h */ = {isa = PBXFileReference; lastKnownFileType = sourcecode.c.h; path = OCSPAsyncSelect.h; sourceTree = "<group>"; };
		3DF4D634205A392300084143 /* OCSPAsyncSelect.m */ = {isa = PBXFileReference; lastKnownFileType = sourcecode.c.objc; path = OCSPAsyncSelect.m; sourceTree = "<group>"; };
		3DF4D637205A39DD00084143 /* OCSPAsyncSelect+Internal.h */ = {isa = PBXFileReference; lastKnownFileType = sourcecode.c.h; path = "OCSPAsyncSelect+Internal.h"; sourceTree = "<group>"; };
		55801746C57BF45B40E4798C /* Pods-OCSP.release.xcconfig */ = {isa = PBXFileReference; includeInIndex = 1; lastKnownFileType = text.xcconfig; name = "Pods-OCSP.release.xcconfig"; path = "Pods/Target Support Files/Pods-OCSP/Pods-OCSP.release.xcconfig"; sourceTree = "<group>"; };
		589A66E3C8A777B74F77B823 /* Pods-OCSP_RXPromise_Tests.release.xcconfig */ = {isa = PBXFileReference; includeInIndex = 1; lastKnownFileType = text.xcconfig; name = "Pods-OCSP_RXPromise_Tests.release.xcconfig"; path = "Pods/Target Support Files/Pods-OCSP_RXPromise_Tests/Pods-OCSP_RXPromise_Tests.release.xcconfig"; sourceTree = "<group>"; };
		647DDD883643EA5F803CAADD /* Pods-OCSP_RXPromise.debug.xcconfig */ = {isa = PBXFileReference; includeInIndex = 1; lastKnownFileType = text.xcconfig; name = "Pods-OCSP_RXPromise.debug.xcconfig"; path = "Pods/Target Support Files/Pods-OCSP_RXPromise/Pods-OCSP_RXPromise.debug.xcconfig"; sourceTree = "<group>"; };
		6B7CC13EEAFD423E5901807C /* Pods-OCSPTests.debug.xcconfig */ = {isa = PBXFileReference; includeInIndex = 1; lastKnownFileType = text.xcconfig; name = "Pods-OCSPTests.debug.xcconfig"; path = "Pods/Target Support Files/Pods-OCSPTests/Pods-OCSPTests.debug.xcconfig"; sourceTree = "<group>"; };
		815528606040B6E32F26217A /* Pods-OCSP_RXPromise_Tests.debug.xcconfig */ = {isa = PBXFileReference; includeInIndex = 1; lastKnownFileType = text.xcconfig; name = "Pods-OCSP_RXPromise_Tests.debug.xcconfig"; path = "Pods/Target Support Files/Pods-OCSP_RXPromise_Tests/Pods-OCSP_RXPromise_Tests.debug.xcconfig"; sourceTree = "<group>"; };
		8F00CFEEB959008D968509FA /* libPods-OCSPTests.a */ = {isa = PBXFileReference; explicitFileType = archive.ar; includeInIndex = 0; path = "libPods-OCSPTests.a"; sourceTree = BUILT_PRODUCTS_DIR; };
		9BAED30640459F5D2C492CF1 /* libPods-OCSP_RXPromise_Tests.a */ = {isa = PBXFileReference; explicitFileType = archive.ar; includeInIndex = 0; path = "libPods-OCSP_RXPromise_Tests.a"; sourceTree = BUILT_PRODUCTS_DIR; };
		A0AF509E155682FA9FBA550D /* libPods-OCSP.a */ = {isa = PBXFileReference; explicitFileType = archive.ar; includeInIndex = 0; path = "libPods-OCSP.a"; sourceTree = BUILT_PRODUCTS_DIR; };
		A1C3937FE93FBFE27D266FA5 /* Pods-OCSP.debug.xcconfig */ = {isa = PBXFileReference; includeInIndex = 1; lastKnownFileType = text.xcconfig; name = "Pods-OCSP.debug.xcconfig"; path = "Pods/Target Support Files/Pods-OCSP/Pods-OCSP.debug.xcconfig"; sourceTree = "<group>"; };
		A53FA6AE7715400E9A6CF5FC /* Pods-OCSP_RXPromiseTests.debug.xcconfig */ = {isa = PBXFileReference; includeInIndex = 1; lastKnownFileType = text.xcconfig; name = "Pods-OCSP_RXPromiseTests.debug.xcconfig"; path = "Pods/Target Support Files/Pods-OCSP_RXPromiseTests/Pods-OCSP_RXPromiseTests.debug.xcconfig"; sourceTree = "<group>"; };
		A98FDA598BA2F8F3941A68A7 /* Pods-OCSP_RXPromise.release.xcconfig */ = {isa = PBXFileReference; includeInIndex = 1; lastKnownFileType = text.xcconfig; name = "Pods-OCSP_RXPromise.release.xcconfig"; path = "Pods/Target Support Files/Pods-OCSP_RXPromise/Pods-OCSP_RXPromise.release.xcconfig"; sourceTree = "<group>"; };
		BE3EE1102055442C00FA6389 /* OCSPAsyncCondition+Internal.h */ = {isa = PBXFileReference; lastKnownFileType = sourcecode.c.h; path = "OCSPAsyncCondition+Internal.h"; sourceTree = "<group>"; };
		BE748DEA203D39F600FE6749 /* OCSPAsyncReadWriteChannel.h */ = {isa = PBXFileReference; lastKnownFileType = sourcecode.c.h; path = OCSPAsyncReadWriteChannel.h; sourceTree = "<group>"; };
		BE748DEB203D39F600FE6749 /* OCSPAsyncReadWriteChannel.m */ = {isa = PBXFileReference; lastKnownFileType = sourcecode.c.objc; path = OCSPAsyncReadWriteChannel.m; sourceTree = "<group>"; };
		BE748E0A204161EC00FE6749 /* OCSPAsyncReadWriteChannel+Internal.h */ = {isa = PBXFileReference; lastKnownFileType = sourcecode.c.h; path = "OCSPAsyncReadWriteChannel+Internal.h"; sourceTree = "<group>"; };
		BE748E0B204161EC00FE6749 /* OCSPAsyncReadWriteChannel+Internal.m */ = {isa = PBXFileReference; lastKnownFileType = sourcecode.c.objc; path = "OCSPAsyncReadWriteChannel+Internal.m"; sourceTree = "<group>"; };
		BE748E112042268200FE6749 /* OCSPTests-Bridging-Header.h */ = {isa = PBXFileReference; lastKnownFileType = sourcecode.c.h; path = "OCSPTests-Bridging-Header.h"; sourceTree = "<group>"; };
		BE748E122042268200FE6749 /* AsyncChannelTestCase.swift */ = {isa = PBXFileReference; lastKnownFileType = sourcecode.swift; path = AsyncChannelTestCase.swift; sourceTree = "<group>"; };
		BE748E172042462400FE6749 /* AsyncChannelTests.swift */ = {isa = PBXFileReference; lastKnownFileType = sourcecode.swift; path = AsyncChannelTests.swift; sourceTree = "<group>"; };
		BE857626202E954800BEBD43 /* OCSPAsyncChannel.h */ = {isa = PBXFileReference; lastKnownFileType = sourcecode.c.h; path = OCSPAsyncChannel.h; sourceTree = "<group>"; };
		BE857627202E954800BEBD43 /* OCSPAsyncChannel.m */ = {isa = PBXFileReference; lastKnownFileType = sourcecode.c.objc; path = OCSPAsyncChannel.m; sourceTree = "<group>"; };
		BE85762C202EB49E00BEBD43 /* OCSPShortcuts.h */ = {isa = PBXFileReference; lastKnownFileType = sourcecode.c.h; path = OCSPShortcuts.h; sourceTree = "<group>"; };
		CD0416E7A72BAABBCB90A261 /* Pods-OCSP_RXPromiseTests.release.xcconfig */ = {isa = PBXFileReference; includeInIndex = 1; lastKnownFileType = text.xcconfig; name = "Pods-OCSP_RXPromiseTests.release.xcconfig"; path = "Pods/Target Support Files/Pods-OCSP_RXPromiseTests/Pods-OCSP_RXPromiseTests.release.xcconfig"; sourceTree = "<group>"; };
		DF73B676D0AC49C57DF9AE0D /* libPods-OCSP_RXPromiseTests.a */ = {isa = PBXFileReference; explicitFileType = archive.ar; includeInIndex = 0; path = "libPods-OCSP_RXPromiseTests.a"; sourceTree = BUILT_PRODUCTS_DIR; };
		F1067FBE4E23F530DAADD971 /* libPods-OCSP+RXPromise.a */ = {isa = PBXFileReference; explicitFileType = archive.ar; includeInIndex = 0; path = "libPods-OCSP+RXPromise.a"; sourceTree = BUILT_PRODUCTS_DIR; };
		FBF6148DC60AEA7F592C32ED /* Pods-OCSPTests.release.xcconfig */ = {isa = PBXFileReference; includeInIndex = 1; lastKnownFileType = text.xcconfig; name = "Pods-OCSPTests.release.xcconfig"; path = "Pods/Target Support Files/Pods-OCSPTests/Pods-OCSPTests.release.xcconfig"; sourceTree = "<group>"; };
		FED3EE049FE7A8C6C677A235 /* Pods-OCSP+RXPromise.debug.xcconfig */ = {isa = PBXFileReference; includeInIndex = 1; lastKnownFileType = text.xcconfig; name = "Pods-OCSP+RXPromise.debug.xcconfig"; path = "Pods/Target Support Files/Pods-OCSP+RXPromise/Pods-OCSP+RXPromise.debug.xcconfig"; sourceTree = "<group>"; };
/* End PBXFileReference section */

/* Begin PBXFrameworksBuildPhase section */
		3D27C843205B4FD900E59CA8 /* Frameworks */ = {
			isa = PBXFrameworksBuildPhase;
			buildActionMask = 2147483647;
			files = (
				F33CCB9CB25994301318BD28 /* libPods-OCSP_RXPromise.a in Frameworks */,
			);
			runOnlyForDeploymentPostprocessing = 0;
		};
		3D27C850205B4FEE00E59CA8 /* Frameworks */ = {
			isa = PBXFrameworksBuildPhase;
			buildActionMask = 2147483647;
			files = (
				3D27C85F205B520C00E59CA8 /* libRXPromise.a in Frameworks */,
				3D27C85E205B510B00E59CA8 /* libOCSP.a in Frameworks */,
				3D27C858205B4FEE00E59CA8 /* libOCSP_RXPromise.a in Frameworks */,
				D7C5D9AE6528580D613A58E2 /* libPods-OCSP_RXPromise_Tests.a in Frameworks */,
			);
			runOnlyForDeploymentPostprocessing = 0;
		};
		3DC7363A202D340D00C186EE /* Frameworks */ = {
			isa = PBXFrameworksBuildPhase;
			buildActionMask = 2147483647;
			files = (
				1B423F816A13F08A5167DB0A /* libPods-OCSP.a in Frameworks */,
			);
			runOnlyForDeploymentPostprocessing = 0;
		};
		3DC7364A202D342500C186EE /* Frameworks */ = {
			isa = PBXFrameworksBuildPhase;
			buildActionMask = 2147483647;
			files = (
				3DC73652202D342500C186EE /* libOCSP.a in Frameworks */,
				BD4988E9E22E01C295735A45 /* libPods-OCSPTests.a in Frameworks */,
			);
			runOnlyForDeploymentPostprocessing = 0;
		};
/* End PBXFrameworksBuildPhase section */

/* Begin PBXGroup section */
		039641AA6D8D06B75C56EE02 /* Pods */ = {
			isa = PBXGroup;
			children = (
				A1C3937FE93FBFE27D266FA5 /* Pods-OCSP.debug.xcconfig */,
				55801746C57BF45B40E4798C /* Pods-OCSP.release.xcconfig */,
				FED3EE049FE7A8C6C677A235 /* Pods-OCSP+RXPromise.debug.xcconfig */,
				2572E90F571E8974C97F23BA /* Pods-OCSP+RXPromise.release.xcconfig */,
				6B7CC13EEAFD423E5901807C /* Pods-OCSPTests.debug.xcconfig */,
				FBF6148DC60AEA7F592C32ED /* Pods-OCSPTests.release.xcconfig */,
				A53FA6AE7715400E9A6CF5FC /* Pods-OCSP_RXPromiseTests.debug.xcconfig */,
				CD0416E7A72BAABBCB90A261 /* Pods-OCSP_RXPromiseTests.release.xcconfig */,
				647DDD883643EA5F803CAADD /* Pods-OCSP_RXPromise.debug.xcconfig */,
				A98FDA598BA2F8F3941A68A7 /* Pods-OCSP_RXPromise.release.xcconfig */,
				815528606040B6E32F26217A /* Pods-OCSP_RXPromise_Tests.debug.xcconfig */,
				589A66E3C8A777B74F77B823 /* Pods-OCSP_RXPromise_Tests.release.xcconfig */,
			);
			name = Pods;
			sourceTree = "<group>";
		};
		3D27C847205B4FD900E59CA8 /* OCSP_RXPromise */ = {
			isa = PBXGroup;
			children = (
				3D27C848205B4FD900E59CA8 /* OCSP_RXPromise.h */,
				3D27C84A205B4FD900E59CA8 /* OCSP_RXPromise.m */,
			);
			path = OCSP_RXPromise;
			sourceTree = "<group>";
		};
		3D27C854205B4FEE00E59CA8 /* OCSP_RXPromise_Tests */ = {
			isa = PBXGroup;
			children = (
				3D27C855205B4FEE00E59CA8 /* OCSP_RXPromise_Tests.m */,
				3D27C857205B4FEE00E59CA8 /* Info.plist */,
			);
			path = OCSP_RXPromise_Tests;
			sourceTree = "<group>";
		};
		3DC73634202D340D00C186EE = {
			isa = PBXGroup;
			children = (
				3DC7363F202D340D00C186EE /* OCSP */,
				3DC7364E202D342500C186EE /* OCSPTests */,
				3D27C847205B4FD900E59CA8 /* OCSP_RXPromise */,
				3D27C854205B4FEE00E59CA8 /* OCSP_RXPromise_Tests */,
				3DC7363E202D340D00C186EE /* Products */,
				039641AA6D8D06B75C56EE02 /* Pods */,
				D93B26433253548D37062344 /* Frameworks */,
			);
			sourceTree = "<group>";
		};
		3DC7363E202D340D00C186EE /* Products */ = {
			isa = PBXGroup;
			children = (
				3DC7363D202D340D00C186EE /* libOCSP.a */,
				3DC7364D202D342500C186EE /* OCSPTests.xctest */,
				3D27C846205B4FD900E59CA8 /* libOCSP_RXPromise.a */,
				3D27C853205B4FEE00E59CA8 /* OCSP_RXPromise_Tests.xctest */,
			);
			name = Products;
			sourceTree = "<group>";
		};
		3DC7363F202D340D00C186EE /* OCSP */ = {
			isa = PBXGroup;
			children = (
				3DC73640202D340D00C186EE /* OCSP.h */,
				BE857626202E954800BEBD43 /* OCSPAsyncChannel.h */,
				BE857627202E954800BEBD43 /* OCSPAsyncChannel.m */,
				BE748DEA203D39F600FE6749 /* OCSPAsyncReadWriteChannel.h */,
				BE748DEB203D39F600FE6749 /* OCSPAsyncReadWriteChannel.m */,
				BE748E0A204161EC00FE6749 /* OCSPAsyncReadWriteChannel+Internal.h */,
				BE748E0B204161EC00FE6749 /* OCSPAsyncReadWriteChannel+Internal.m */,
				3DF4D633205A392300084143 /* OCSPAsyncSelect.h */,
				3DF4D634205A392300084143 /* OCSPAsyncSelect.m */,
				3DF4D637205A39DD00084143 /* OCSPAsyncSelect+Internal.h */,
				3D89A5582050F81100304ED7 /* OCSPAsyncLock.h */,
				3D89A5592050F81100304ED7 /* OCSPAsyncLock.m */,
				3D17E07B20538B5A001D3144 /* OCSPAsyncLock+Internal.h */,
				3D89A55C2050F8B200304ED7 /* OCSPAsyncCondition.h */,
				3D89A55D2050F8B200304ED7 /* OCSPAsyncCondition.m */,
				BE3EE1102055442C00FA6389 /* OCSPAsyncCondition+Internal.h */,
				3DF4D5F62059FE1D00084143 /* NSArray+OCSP.h */,
				3DF4D5F72059FE1D00084143 /* NSArray+OCSP.m */,
				3D17E07A2053870C001D3144 /* OCSPDebug.h */,
				BE85762C202EB49E00BEBD43 /* OCSPShortcuts.h */,
			);
			path = OCSP;
			sourceTree = "<group>";
		};
		3DC7364E202D342500C186EE /* OCSPTests */ = {
			isa = PBXGroup;
			children = (
				BE748E172042462400FE6749 /* AsyncChannelTests.swift */,
				BE748E122042268200FE6749 /* AsyncChannelTestCase.swift */,
				3D8EDAA2204CCA7E0036E7B3 /* AsyncChannelSelectTests.swift */,
				3DC73651202D342500C186EE /* Info.plist */,
				BE748E112042268200FE6749 /* OCSPTests-Bridging-Header.h */,
			);
			path = OCSPTests;
			sourceTree = "<group>";
		};
		D93B26433253548D37062344 /* Frameworks */ = {
			isa = PBXGroup;
			children = (
				3D27C860205B520C00E59CA8 /* libRXPromise.a */,
				F1067FBE4E23F530DAADD971 /* libPods-OCSP+RXPromise.a */,
				A0AF509E155682FA9FBA550D /* libPods-OCSP.a */,
				8F00CFEEB959008D968509FA /* libPods-OCSPTests.a */,
				DF73B676D0AC49C57DF9AE0D /* libPods-OCSP_RXPromiseTests.a */,
				262C915368E5D2F3BC9A47DC /* libPods-OCSP_RXPromise.a */,
				9BAED30640459F5D2C492CF1 /* libPods-OCSP_RXPromise_Tests.a */,
			);
			name = Frameworks;
			sourceTree = "<group>";
		};
/* End PBXGroup section */

/* Begin PBXHeadersBuildPhase section */
		3D27C844205B4FD900E59CA8 /* Headers */ = {
			isa = PBXHeadersBuildPhase;
			buildActionMask = 2147483647;
			files = (
				3D27C849205B4FD900E59CA8 /* OCSP_RXPromise.h in Headers */,
			);
			runOnlyForDeploymentPostprocessing = 0;
		};
		3DC7363B202D340D00C186EE /* Headers */ = {
			isa = PBXHeadersBuildPhase;
			buildActionMask = 2147483647;
			files = (
				3D17E07D20538B5A001D3144 /* OCSPAsyncLock+Internal.h in Headers */,
				BE3EE1122055442C00FA6389 /* OCSPAsyncCondition+Internal.h in Headers */,
				3D89A55A2050F81100304ED7 /* OCSPAsyncLock.h in Headers */,
				3DF4D639205A39DD00084143 /* OCSPAsyncSelect+Internal.h in Headers */,
				BE748DEC203D39F600FE6749 /* OCSPAsyncReadWriteChannel.h in Headers */,
				3DC73641202D340D00C186EE /* OCSP.h in Headers */,
				3D89A55E2050F8B200304ED7 /* OCSPAsyncCondition.h in Headers */,
				3DF4D5F82059FE1D00084143 /* NSArray+OCSP.h in Headers */,
				3DF4D635205A392300084143 /* OCSPAsyncSelect.h in Headers */,
				BE748E0C204161EC00FE6749 /* OCSPAsyncReadWriteChannel+Internal.h in Headers */,
				BE857628202E954800BEBD43 /* OCSPAsyncChannel.h in Headers */,
			);
			runOnlyForDeploymentPostprocessing = 0;
		};
/* End PBXHeadersBuildPhase section */

/* Begin PBXNativeTarget section */
		3D27C845205B4FD900E59CA8 /* OCSP_RXPromise */ = {
			isa = PBXNativeTarget;
			buildConfigurationList = 3D27C84C205B4FD900E59CA8 /* Build configuration list for PBXNativeTarget "OCSP_RXPromise" */;
			buildPhases = (
				46D9FD5A5089657C8CA071B2 /* [CP] Check Pods Manifest.lock */,
				3D27C842205B4FD900E59CA8 /* Sources */,
				3D27C843205B4FD900E59CA8 /* Frameworks */,
				3D27C844205B4FD900E59CA8 /* Headers */,
				21A54E18030B08E08950C39B /* [CP] Copy Pods Resources */,
			);
			buildRules = (
			);
			dependencies = (
			);
			name = OCSP_RXPromise;
			productName = OCSP_RXPromise;
			productReference = 3D27C846205B4FD900E59CA8 /* libOCSP_RXPromise.a */;
			productType = "com.apple.product-type.library.static";
		};
		3D27C852205B4FEE00E59CA8 /* OCSP_RXPromise_Tests */ = {
			isa = PBXNativeTarget;
			buildConfigurationList = 3D27C85B205B4FEE00E59CA8 /* Build configuration list for PBXNativeTarget "OCSP_RXPromise_Tests" */;
			buildPhases = (
				F3E0D6F3BF9FDEC279BA34F2 /* [CP] Check Pods Manifest.lock */,
				3D27C84F205B4FEE00E59CA8 /* Sources */,
				3D27C850205B4FEE00E59CA8 /* Frameworks */,
				3D27C851205B4FEE00E59CA8 /* Resources */,
				4E91B386D20E2F16DF9A94A5 /* [CP] Embed Pods Frameworks */,
				2DC2B64C82942628E1E31C5D /* [CP] Copy Pods Resources */,
			);
			buildRules = (
			);
			dependencies = (
				3D27C85A205B4FEE00E59CA8 /* PBXTargetDependency */,
			);
			name = OCSP_RXPromise_Tests;
			productName = OCSP_RXPromise_Tests;
			productReference = 3D27C853205B4FEE00E59CA8 /* OCSP_RXPromise_Tests.xctest */;
			productType = "com.apple.product-type.bundle.unit-test";
		};
		3DC7363C202D340D00C186EE /* OCSP */ = {
			isa = PBXNativeTarget;
			buildConfigurationList = 3DC73646202D340D00C186EE /* Build configuration list for PBXNativeTarget "OCSP" */;
			buildPhases = (
				FEEB908B0BD79F6CC287422E /* [CP] Check Pods Manifest.lock */,
				3DC73639202D340D00C186EE /* Sources */,
				3DC7363A202D340D00C186EE /* Frameworks */,
				3DC7363B202D340D00C186EE /* Headers */,
				B6C05692B08CF29C2AE78C7E /* [CP] Copy Pods Resources */,
			);
			buildRules = (
			);
			dependencies = (
			);
			name = OCSP;
			productName = OCSP;
			productReference = 3DC7363D202D340D00C186EE /* libOCSP.a */;
			productType = "com.apple.product-type.library.static";
		};
		3DC7364C202D342500C186EE /* OCSPTests */ = {
			isa = PBXNativeTarget;
			buildConfigurationList = 3DC73655202D342500C186EE /* Build configuration list for PBXNativeTarget "OCSPTests" */;
			buildPhases = (
				6948BD4B8CFC5CFCA6CF7CE8 /* [CP] Check Pods Manifest.lock */,
				3DC73649202D342500C186EE /* Sources */,
				3DC7364A202D342500C186EE /* Frameworks */,
				3DC7364B202D342500C186EE /* Resources */,
				8C1B97C74E99C418C77C1EEF /* [CP] Embed Pods Frameworks */,
				34B627E405B863D845E6029B /* [CP] Copy Pods Resources */,
			);
			buildRules = (
			);
			dependencies = (
				3DC73654202D342500C186EE /* PBXTargetDependency */,
			);
			name = OCSPTests;
			productName = OCSPTests;
			productReference = 3DC7364D202D342500C186EE /* OCSPTests.xctest */;
			productType = "com.apple.product-type.bundle.unit-test";
		};
/* End PBXNativeTarget section */

/* Begin PBXProject section */
		3DC73635202D340D00C186EE /* Project object */ = {
			isa = PBXProject;
			attributes = {
				LastUpgradeCheck = 0920;
				ORGANIZATIONNAME = coppercash;
				TargetAttributes = {
					3D27C845205B4FD900E59CA8 = {
						CreatedOnToolsVersion = 9.2;
						ProvisioningStyle = Automatic;
					};
					3D27C852205B4FEE00E59CA8 = {
						CreatedOnToolsVersion = 9.2;
						ProvisioningStyle = Automatic;
					};
					3DC7363C202D340D00C186EE = {
						CreatedOnToolsVersion = 9.2;
						LastSwiftMigration = 0900;
						ProvisioningStyle = Automatic;
					};
					3DC7364C202D342500C186EE = {
						CreatedOnToolsVersion = 9.2;
						LastSwiftMigration = 0900;
						ProvisioningStyle = Automatic;
					};
				};
			};
			buildConfigurationList = 3DC73638202D340D00C186EE /* Build configuration list for PBXProject "OCSP" */;
			compatibilityVersion = "Xcode 8.0";
			developmentRegion = en;
			hasScannedForEncodings = 0;
			knownRegions = (
				en,
			);
			mainGroup = 3DC73634202D340D00C186EE;
			productRefGroup = 3DC7363E202D340D00C186EE /* Products */;
			projectDirPath = "";
			projectRoot = "";
			targets = (
				3DC7363C202D340D00C186EE /* OCSP */,
				3DC7364C202D342500C186EE /* OCSPTests */,
				3D27C845205B4FD900E59CA8 /* OCSP_RXPromise */,
				3D27C852205B4FEE00E59CA8 /* OCSP_RXPromise_Tests */,
			);
		};
/* End PBXProject section */

/* Begin PBXResourcesBuildPhase section */
		3D27C851205B4FEE00E59CA8 /* Resources */ = {
			isa = PBXResourcesBuildPhase;
			buildActionMask = 2147483647;
			files = (
			);
			runOnlyForDeploymentPostprocessing = 0;
		};
		3DC7364B202D342500C186EE /* Resources */ = {
			isa = PBXResourcesBuildPhase;
			buildActionMask = 2147483647;
			files = (
			);
			runOnlyForDeploymentPostprocessing = 0;
		};
/* End PBXResourcesBuildPhase section */

/* Begin PBXShellScriptBuildPhase section */
		21A54E18030B08E08950C39B /* [CP] Copy Pods Resources */ = {
			isa = PBXShellScriptBuildPhase;
			buildActionMask = 2147483647;
			files = (
			);
			inputPaths = (
			);
			name = "[CP] Copy Pods Resources";
			outputPaths = (
			);
			runOnlyForDeploymentPostprocessing = 0;
			shellPath = /bin/sh;
			shellScript = "\"${SRCROOT}/Pods/Target Support Files/Pods-OCSP_RXPromise/Pods-OCSP_RXPromise-resources.sh\"\n";
			showEnvVarsInLog = 0;
		};
		2DC2B64C82942628E1E31C5D /* [CP] Copy Pods Resources */ = {
			isa = PBXShellScriptBuildPhase;
			buildActionMask = 2147483647;
			files = (
			);
			inputPaths = (
			);
			name = "[CP] Copy Pods Resources";
			outputPaths = (
			);
			runOnlyForDeploymentPostprocessing = 0;
			shellPath = /bin/sh;
			shellScript = "\"${SRCROOT}/Pods/Target Support Files/Pods-OCSP_RXPromise_Tests/Pods-OCSP_RXPromise_Tests-resources.sh\"\n";
			showEnvVarsInLog = 0;
		};
		34B627E405B863D845E6029B /* [CP] Copy Pods Resources */ = {
			isa = PBXShellScriptBuildPhase;
			buildActionMask = 2147483647;
			files = (
			);
			inputPaths = (
			);
			name = "[CP] Copy Pods Resources";
			outputPaths = (
			);
			runOnlyForDeploymentPostprocessing = 0;
			shellPath = /bin/sh;
			shellScript = "\"${SRCROOT}/Pods/Target Support Files/Pods-OCSPTests/Pods-OCSPTests-resources.sh\"\n";
			showEnvVarsInLog = 0;
		};
		46D9FD5A5089657C8CA071B2 /* [CP] Check Pods Manifest.lock */ = {
			isa = PBXShellScriptBuildPhase;
			buildActionMask = 2147483647;
			files = (
			);
			inputPaths = (
				"${PODS_PODFILE_DIR_PATH}/Podfile.lock",
				"${PODS_ROOT}/Manifest.lock",
			);
			name = "[CP] Check Pods Manifest.lock";
			outputPaths = (
				"$(DERIVED_FILE_DIR)/Pods-OCSP_RXPromise-checkManifestLockResult.txt",
			);
			runOnlyForDeploymentPostprocessing = 0;
			shellPath = /bin/sh;
			shellScript = "diff \"${PODS_PODFILE_DIR_PATH}/Podfile.lock\" \"${PODS_ROOT}/Manifest.lock\" > /dev/null\nif [ $? != 0 ] ; then\n    # print error to STDERR\n    echo \"error: The sandbox is not in sync with the Podfile.lock. Run 'pod install' or update your CocoaPods installation.\" >&2\n    exit 1\nfi\n# This output is used by Xcode 'outputs' to avoid re-running this script phase.\necho \"SUCCESS\" > \"${SCRIPT_OUTPUT_FILE_0}\"\n";
			showEnvVarsInLog = 0;
		};
		4E91B386D20E2F16DF9A94A5 /* [CP] Embed Pods Frameworks */ = {
			isa = PBXShellScriptBuildPhase;
			buildActionMask = 2147483647;
			files = (
			);
			inputPaths = (
			);
			name = "[CP] Embed Pods Frameworks";
			outputPaths = (
			);
			runOnlyForDeploymentPostprocessing = 0;
			shellPath = /bin/sh;
			shellScript = "\"${SRCROOT}/Pods/Target Support Files/Pods-OCSP_RXPromise_Tests/Pods-OCSP_RXPromise_Tests-frameworks.sh\"\n";
			showEnvVarsInLog = 0;
		};
		6948BD4B8CFC5CFCA6CF7CE8 /* [CP] Check Pods Manifest.lock */ = {
			isa = PBXShellScriptBuildPhase;
			buildActionMask = 2147483647;
			files = (
			);
			inputPaths = (
				"${PODS_PODFILE_DIR_PATH}/Podfile.lock",
				"${PODS_ROOT}/Manifest.lock",
			);
			name = "[CP] Check Pods Manifest.lock";
			outputPaths = (
				"$(DERIVED_FILE_DIR)/Pods-OCSPTests-checkManifestLockResult.txt",
			);
			runOnlyForDeploymentPostprocessing = 0;
			shellPath = /bin/sh;
			shellScript = "diff \"${PODS_PODFILE_DIR_PATH}/Podfile.lock\" \"${PODS_ROOT}/Manifest.lock\" > /dev/null\nif [ $? != 0 ] ; then\n    # print error to STDERR\n    echo \"error: The sandbox is not in sync with the Podfile.lock. Run 'pod install' or update your CocoaPods installation.\" >&2\n    exit 1\nfi\n# This output is used by Xcode 'outputs' to avoid re-running this script phase.\necho \"SUCCESS\" > \"${SCRIPT_OUTPUT_FILE_0}\"\n";
			showEnvVarsInLog = 0;
		};
		8C1B97C74E99C418C77C1EEF /* [CP] Embed Pods Frameworks */ = {
			isa = PBXShellScriptBuildPhase;
			buildActionMask = 2147483647;
			files = (
			);
			inputPaths = (
			);
			name = "[CP] Embed Pods Frameworks";
			outputPaths = (
			);
			runOnlyForDeploymentPostprocessing = 0;
			shellPath = /bin/sh;
			shellScript = "\"${SRCROOT}/Pods/Target Support Files/Pods-OCSPTests/Pods-OCSPTests-frameworks.sh\"\n";
			showEnvVarsInLog = 0;
		};
		B6C05692B08CF29C2AE78C7E /* [CP] Copy Pods Resources */ = {
			isa = PBXShellScriptBuildPhase;
			buildActionMask = 2147483647;
			files = (
			);
			inputPaths = (
			);
			name = "[CP] Copy Pods Resources";
			outputPaths = (
			);
			runOnlyForDeploymentPostprocessing = 0;
			shellPath = /bin/sh;
			shellScript = "\"${SRCROOT}/Pods/Target Support Files/Pods-OCSP/Pods-OCSP-resources.sh\"\n";
			showEnvVarsInLog = 0;
		};
		F3E0D6F3BF9FDEC279BA34F2 /* [CP] Check Pods Manifest.lock */ = {
			isa = PBXShellScriptBuildPhase;
			buildActionMask = 2147483647;
			files = (
			);
			inputPaths = (
				"${PODS_PODFILE_DIR_PATH}/Podfile.lock",
				"${PODS_ROOT}/Manifest.lock",
			);
			name = "[CP] Check Pods Manifest.lock";
			outputPaths = (
				"$(DERIVED_FILE_DIR)/Pods-OCSP_RXPromise_Tests-checkManifestLockResult.txt",
			);
			runOnlyForDeploymentPostprocessing = 0;
			shellPath = /bin/sh;
			shellScript = "diff \"${PODS_PODFILE_DIR_PATH}/Podfile.lock\" \"${PODS_ROOT}/Manifest.lock\" > /dev/null\nif [ $? != 0 ] ; then\n    # print error to STDERR\n    echo \"error: The sandbox is not in sync with the Podfile.lock. Run 'pod install' or update your CocoaPods installation.\" >&2\n    exit 1\nfi\n# This output is used by Xcode 'outputs' to avoid re-running this script phase.\necho \"SUCCESS\" > \"${SCRIPT_OUTPUT_FILE_0}\"\n";
			showEnvVarsInLog = 0;
		};
		FEEB908B0BD79F6CC287422E /* [CP] Check Pods Manifest.lock */ = {
			isa = PBXShellScriptBuildPhase;
			buildActionMask = 2147483647;
			files = (
			);
			inputPaths = (
				"${PODS_PODFILE_DIR_PATH}/Podfile.lock",
				"${PODS_ROOT}/Manifest.lock",
			);
			name = "[CP] Check Pods Manifest.lock";
			outputPaths = (
				"$(DERIVED_FILE_DIR)/Pods-OCSP-checkManifestLockResult.txt",
			);
			runOnlyForDeploymentPostprocessing = 0;
			shellPath = /bin/sh;
			shellScript = "diff \"${PODS_PODFILE_DIR_PATH}/Podfile.lock\" \"${PODS_ROOT}/Manifest.lock\" > /dev/null\nif [ $? != 0 ] ; then\n    # print error to STDERR\n    echo \"error: The sandbox is not in sync with the Podfile.lock. Run 'pod install' or update your CocoaPods installation.\" >&2\n    exit 1\nfi\n# This output is used by Xcode 'outputs' to avoid re-running this script phase.\necho \"SUCCESS\" > \"${SCRIPT_OUTPUT_FILE_0}\"\n";
			showEnvVarsInLog = 0;
		};
/* End PBXShellScriptBuildPhase section */

/* Begin PBXSourcesBuildPhase section */
		3D27C842205B4FD900E59CA8 /* Sources */ = {
			isa = PBXSourcesBuildPhase;
			buildActionMask = 2147483647;
			files = (
				3D27C84B205B4FD900E59CA8 /* OCSP_RXPromise.m in Sources */,
			);
			runOnlyForDeploymentPostprocessing = 0;
		};
		3D27C84F205B4FEE00E59CA8 /* Sources */ = {
			isa = PBXSourcesBuildPhase;
			buildActionMask = 2147483647;
			files = (
				3D27C856205B4FEE00E59CA8 /* OCSP_RXPromise_Tests.m in Sources */,
			);
			runOnlyForDeploymentPostprocessing = 0;
		};
		3DC73639202D340D00C186EE /* Sources */ = {
			isa = PBXSourcesBuildPhase;
			buildActionMask = 2147483647;
			files = (
				3DF4D5F92059FE1D00084143 /* NSArray+OCSP.m in Sources */,
				3DF4D636205A392300084143 /* OCSPAsyncSelect.m in Sources */,
				3D89A55F2050F8B200304ED7 /* OCSPAsyncCondition.m in Sources */,
				BE748E0D204161EC00FE6749 /* OCSPAsyncReadWriteChannel+Internal.m in Sources */,
				BE748DED203D39F600FE6749 /* OCSPAsyncReadWriteChannel.m in Sources */,
				BE857629202E954800BEBD43 /* OCSPAsyncChannel.m in Sources */,
				3D89A55B2050F81100304ED7 /* OCSPAsyncLock.m in Sources */,
			);
			runOnlyForDeploymentPostprocessing = 0;
		};
		3DC73649202D342500C186EE /* Sources */ = {
			isa = PBXSourcesBuildPhase;
			buildActionMask = 2147483647;
			files = (
				BE748E182042462400FE6749 /* AsyncChannelTests.swift in Sources */,
				3D8EDAA3204CCA7E0036E7B3 /* AsyncChannelSelectTests.swift in Sources */,
				BE748E132042268200FE6749 /* AsyncChannelTestCase.swift in Sources */,
			);
			runOnlyForDeploymentPostprocessing = 0;
		};
/* End PBXSourcesBuildPhase section */

/* Begin PBXTargetDependency section */
		3D27C85A205B4FEE00E59CA8 /* PBXTargetDependency */ = {
			isa = PBXTargetDependency;
			target = 3D27C845205B4FD900E59CA8 /* OCSP_RXPromise */;
			targetProxy = 3D27C859205B4FEE00E59CA8 /* PBXContainerItemProxy */;
		};
		3DC73654202D342500C186EE /* PBXTargetDependency */ = {
			isa = PBXTargetDependency;
			target = 3DC7363C202D340D00C186EE /* OCSP */;
			targetProxy = 3DC73653202D342500C186EE /* PBXContainerItemProxy */;
		};
/* End PBXTargetDependency section */

/* Begin XCBuildConfiguration section */
		3D27C84D205B4FD900E59CA8 /* Debug */ = {
			isa = XCBuildConfiguration;
			baseConfigurationReference = 647DDD883643EA5F803CAADD /* Pods-OCSP_RXPromise.debug.xcconfig */;
			buildSettings = {
				CODE_SIGN_STYLE = Automatic;
				EXECUTABLE_PREFIX = lib;
				HEADER_SEARCH_PATHS = (
					"$(inherited)",
					"\"$(PROJECT_DIR)\"",
					"\"${PODS_ROOT}/Headers/Public\"",
					"\"${PODS_ROOT}/Headers/Public/RXPromise\"",
				);
				PRODUCT_NAME = "$(TARGET_NAME)";
			};
			name = Debug;
		};
		3D27C84E205B4FD900E59CA8 /* Release */ = {
			isa = XCBuildConfiguration;
			baseConfigurationReference = A98FDA598BA2F8F3941A68A7 /* Pods-OCSP_RXPromise.release.xcconfig */;
			buildSettings = {
				CODE_SIGN_STYLE = Automatic;
				EXECUTABLE_PREFIX = lib;
				HEADER_SEARCH_PATHS = (
					"$(inherited)",
					"\"$(PROJECT_DIR)\"",
					"\"${PODS_ROOT}/Headers/Public\"",
					"\"${PODS_ROOT}/Headers/Public/RXPromise\"",
				);
				PRODUCT_NAME = "$(TARGET_NAME)";
			};
			name = Release;
		};
		3D27C85C205B4FEE00E59CA8 /* Debug */ = {
			isa = XCBuildConfiguration;
			baseConfigurationReference = 815528606040B6E32F26217A /* Pods-OCSP_RXPromise_Tests.debug.xcconfig */;
			buildSettings = {
				CODE_SIGN_STYLE = Automatic;
				COMBINE_HIDPI_IMAGES = YES;
				HEADER_SEARCH_PATHS = (
					"$(inherited)",
					"\"$(PROJECT_DIR)\"",
					"\"${PODS_ROOT}/Headers/Public\"",
					"\"${PODS_ROOT}/Headers/Public/RXPromise\"",
				);
				INFOPLIST_FILE = OCSP_RXPromise_Tests/Info.plist;
				LD_RUNPATH_SEARCH_PATHS = "$(inherited) @executable_path/../Frameworks @loader_path/../Frameworks";
				PRODUCT_BUNDLE_IDENTIFIER = "org.coppercash.OCSP-RXPromise-Tests";
				PRODUCT_NAME = "$(TARGET_NAME)";
			};
			name = Debug;
		};
		3D27C85D205B4FEE00E59CA8 /* Release */ = {
			isa = XCBuildConfiguration;
			baseConfigurationReference = 589A66E3C8A777B74F77B823 /* Pods-OCSP_RXPromise_Tests.release.xcconfig */;
			buildSettings = {
				CODE_SIGN_STYLE = Automatic;
				COMBINE_HIDPI_IMAGES = YES;
				HEADER_SEARCH_PATHS = (
					"$(inherited)",
					"\"$(PROJECT_DIR)\"",
					"\"${PODS_ROOT}/Headers/Public\"",
					"\"${PODS_ROOT}/Headers/Public/RXPromise\"",
				);
				INFOPLIST_FILE = OCSP_RXPromise_Tests/Info.plist;
				LD_RUNPATH_SEARCH_PATHS = "$(inherited) @executable_path/../Frameworks @loader_path/../Frameworks";
				PRODUCT_BUNDLE_IDENTIFIER = "org.coppercash.OCSP-RXPromise-Tests";
				PRODUCT_NAME = "$(TARGET_NAME)";
			};
			name = Release;
		};
		3DC73644202D340D00C186EE /* Debug */ = {
			isa = XCBuildConfiguration;
			buildSettings = {
				ALWAYS_SEARCH_USER_PATHS = NO;
				CLANG_ANALYZER_NONNULL = YES;
				CLANG_ANALYZER_NUMBER_OBJECT_CONVERSION = YES_AGGRESSIVE;
				CLANG_CXX_LANGUAGE_STANDARD = "gnu++14";
				CLANG_CXX_LIBRARY = "libc++";
				CLANG_ENABLE_MODULES = YES;
				CLANG_ENABLE_OBJC_ARC = YES;
				CLANG_WARN_BLOCK_CAPTURE_AUTORELEASING = YES;
				CLANG_WARN_BOOL_CONVERSION = YES;
				CLANG_WARN_COMMA = YES;
				CLANG_WARN_CONSTANT_CONVERSION = YES;
				CLANG_WARN_DIRECT_OBJC_ISA_USAGE = YES_ERROR;
				CLANG_WARN_DOCUMENTATION_COMMENTS = YES;
				CLANG_WARN_EMPTY_BODY = YES;
				CLANG_WARN_ENUM_CONVERSION = YES;
				CLANG_WARN_INFINITE_RECURSION = YES;
				CLANG_WARN_INT_CONVERSION = YES;
				CLANG_WARN_NON_LITERAL_NULL_CONVERSION = YES;
				CLANG_WARN_OBJC_LITERAL_CONVERSION = YES;
				CLANG_WARN_OBJC_ROOT_CLASS = YES_ERROR;
				CLANG_WARN_RANGE_LOOP_ANALYSIS = YES;
				CLANG_WARN_STRICT_PROTOTYPES = YES;
				CLANG_WARN_SUSPICIOUS_MOVE = YES;
				CLANG_WARN_UNGUARDED_AVAILABILITY = YES_AGGRESSIVE;
				CLANG_WARN_UNREACHABLE_CODE = YES;
				CLANG_WARN__DUPLICATE_METHOD_MATCH = YES;
				CODE_SIGN_IDENTITY = "-";
				COPY_PHASE_STRIP = NO;
				DEBUG_INFORMATION_FORMAT = dwarf;
				ENABLE_STRICT_OBJC_MSGSEND = YES;
				ENABLE_TESTABILITY = YES;
				GCC_C_LANGUAGE_STANDARD = gnu11;
				GCC_DYNAMIC_NO_PIC = NO;
				GCC_NO_COMMON_BLOCKS = YES;
				GCC_OPTIMIZATION_LEVEL = 0;
				GCC_PREPROCESSOR_DEFINITIONS = (
					"DEBUG=1",
					"$(inherited)",
				);
				GCC_WARN_64_TO_32_BIT_CONVERSION = YES;
				GCC_WARN_ABOUT_RETURN_TYPE = YES_ERROR;
				GCC_WARN_UNDECLARED_SELECTOR = YES;
				GCC_WARN_UNINITIALIZED_AUTOS = YES_AGGRESSIVE;
				GCC_WARN_UNUSED_FUNCTION = YES;
				GCC_WARN_UNUSED_VARIABLE = YES;
				MACOSX_DEPLOYMENT_TARGET = 10.13;
				MTL_ENABLE_DEBUG_INFO = YES;
				ONLY_ACTIVE_ARCH = YES;
				SDKROOT = macosx;
			};
			name = Debug;
		};
		3DC73645202D340D00C186EE /* Release */ = {
			isa = XCBuildConfiguration;
			buildSettings = {
				ALWAYS_SEARCH_USER_PATHS = NO;
				CLANG_ANALYZER_NONNULL = YES;
				CLANG_ANALYZER_NUMBER_OBJECT_CONVERSION = YES_AGGRESSIVE;
				CLANG_CXX_LANGUAGE_STANDARD = "gnu++14";
				CLANG_CXX_LIBRARY = "libc++";
				CLANG_ENABLE_MODULES = YES;
				CLANG_ENABLE_OBJC_ARC = YES;
				CLANG_WARN_BLOCK_CAPTURE_AUTORELEASING = YES;
				CLANG_WARN_BOOL_CONVERSION = YES;
				CLANG_WARN_COMMA = YES;
				CLANG_WARN_CONSTANT_CONVERSION = YES;
				CLANG_WARN_DIRECT_OBJC_ISA_USAGE = YES_ERROR;
				CLANG_WARN_DOCUMENTATION_COMMENTS = YES;
				CLANG_WARN_EMPTY_BODY = YES;
				CLANG_WARN_ENUM_CONVERSION = YES;
				CLANG_WARN_INFINITE_RECURSION = YES;
				CLANG_WARN_INT_CONVERSION = YES;
				CLANG_WARN_NON_LITERAL_NULL_CONVERSION = YES;
				CLANG_WARN_OBJC_LITERAL_CONVERSION = YES;
				CLANG_WARN_OBJC_ROOT_CLASS = YES_ERROR;
				CLANG_WARN_RANGE_LOOP_ANALYSIS = YES;
				CLANG_WARN_STRICT_PROTOTYPES = YES;
				CLANG_WARN_SUSPICIOUS_MOVE = YES;
				CLANG_WARN_UNGUARDED_AVAILABILITY = YES_AGGRESSIVE;
				CLANG_WARN_UNREACHABLE_CODE = YES;
				CLANG_WARN__DUPLICATE_METHOD_MATCH = YES;
				CODE_SIGN_IDENTITY = "-";
				COPY_PHASE_STRIP = NO;
				DEBUG_INFORMATION_FORMAT = "dwarf-with-dsym";
				ENABLE_NS_ASSERTIONS = NO;
				ENABLE_STRICT_OBJC_MSGSEND = YES;
				GCC_C_LANGUAGE_STANDARD = gnu11;
				GCC_NO_COMMON_BLOCKS = YES;
				GCC_WARN_64_TO_32_BIT_CONVERSION = YES;
				GCC_WARN_ABOUT_RETURN_TYPE = YES_ERROR;
				GCC_WARN_UNDECLARED_SELECTOR = YES;
				GCC_WARN_UNINITIALIZED_AUTOS = YES_AGGRESSIVE;
				GCC_WARN_UNUSED_FUNCTION = YES;
				GCC_WARN_UNUSED_VARIABLE = YES;
				MACOSX_DEPLOYMENT_TARGET = 10.13;
				MTL_ENABLE_DEBUG_INFO = NO;
				SDKROOT = macosx;
			};
			name = Release;
		};
		3DC73647202D340D00C186EE /* Debug */ = {
			isa = XCBuildConfiguration;
			baseConfigurationReference = A1C3937FE93FBFE27D266FA5 /* Pods-OCSP.debug.xcconfig */;
			buildSettings = {
				CLANG_ENABLE_MODULES = YES;
				CODE_SIGN_STYLE = Automatic;
				EXECUTABLE_PREFIX = lib;
				LD_RUNPATH_SEARCH_PATHS = "$(inherited) @executable_path/../Frameworks @loader_path/../Frameworks";
				PRODUCT_NAME = "$(TARGET_NAME)";
				SWIFT_OBJC_BRIDGING_HEADER = "OCSP/OCSP-Bridging-Header.h";
				SWIFT_OPTIMIZATION_LEVEL = "-Onone";
				SWIFT_VERSION = 3.0;
			};
			name = Debug;
		};
		3DC73648202D340D00C186EE /* Release */ = {
			isa = XCBuildConfiguration;
			baseConfigurationReference = 55801746C57BF45B40E4798C /* Pods-OCSP.release.xcconfig */;
			buildSettings = {
				CLANG_ENABLE_MODULES = YES;
				CODE_SIGN_STYLE = Automatic;
				EXECUTABLE_PREFIX = lib;
				LD_RUNPATH_SEARCH_PATHS = "$(inherited) @executable_path/../Frameworks @loader_path/../Frameworks";
				PRODUCT_NAME = "$(TARGET_NAME)";
				SWIFT_OBJC_BRIDGING_HEADER = "OCSP/OCSP-Bridging-Header.h";
				SWIFT_VERSION = 3.0;
			};
			name = Release;
		};
		3DC73656202D342500C186EE /* Debug */ = {
			isa = XCBuildConfiguration;
			baseConfigurationReference = 6B7CC13EEAFD423E5901807C /* Pods-OCSPTests.debug.xcconfig */;
			buildSettings = {
				CLANG_ENABLE_MODULES = YES;
				CODE_SIGN_STYLE = Automatic;
				COMBINE_HIDPI_IMAGES = YES;
				HEADER_SEARCH_PATHS = (
					"$(inherited)",
					"\"$(PROJECT_DIR)\"",
				);
				INFOPLIST_FILE = OCSPTests/Info.plist;
				LD_RUNPATH_SEARCH_PATHS = "$(inherited) @executable_path/../Frameworks @loader_path/../Frameworks";
				PRODUCT_BUNDLE_IDENTIFIER = org.coppercash.OCSPTests;
				PRODUCT_NAME = "$(TARGET_NAME)";
				SWIFT_OBJC_BRIDGING_HEADER = "OCSPTests/OCSPTests-Bridging-Header.h";
				SWIFT_OPTIMIZATION_LEVEL = "-Onone";
				SWIFT_VERSION = 3.0;
			};
			name = Debug;
		};
		3DC73657202D342500C186EE /* Release */ = {
			isa = XCBuildConfiguration;
			baseConfigurationReference = FBF6148DC60AEA7F592C32ED /* Pods-OCSPTests.release.xcconfig */;
			buildSettings = {
				CLANG_ENABLE_MODULES = YES;
				CODE_SIGN_STYLE = Automatic;
				COMBINE_HIDPI_IMAGES = YES;
				HEADER_SEARCH_PATHS = (
					"$(inherited)",
					"\"$(PROJECT_DIR)\"",
				);
				INFOPLIST_FILE = OCSPTests/Info.plist;
				LD_RUNPATH_SEARCH_PATHS = "$(inherited) @executable_path/../Frameworks @loader_path/../Frameworks";
				PRODUCT_BUNDLE_IDENTIFIER = org.coppercash.OCSPTests;
				PRODUCT_NAME = "$(TARGET_NAME)";
				SWIFT_OBJC_BRIDGING_HEADER = "OCSPTests/OCSPTests-Bridging-Header.h";
				SWIFT_VERSION = 3.0;
			};
			name = Release;
		};
/* End XCBuildConfiguration section */

/* Begin XCConfigurationList section */
		3D27C84C205B4FD900E59CA8 /* Build configuration list for PBXNativeTarget "OCSP_RXPromise" */ = {
			isa = XCConfigurationList;
			buildConfigurations = (
				3D27C84D205B4FD900E59CA8 /* Debug */,
				3D27C84E205B4FD900E59CA8 /* Release */,
			);
			defaultConfigurationIsVisible = 0;
			defaultConfigurationName = Release;
		};
		3D27C85B205B4FEE00E59CA8 /* Build configuration list for PBXNativeTarget "OCSP_RXPromise_Tests" */ = {
			isa = XCConfigurationList;
			buildConfigurations = (
				3D27C85C205B4FEE00E59CA8 /* Debug */,
				3D27C85D205B4FEE00E59CA8 /* Release */,
			);
			defaultConfigurationIsVisible = 0;
			defaultConfigurationName = Release;
		};
		3DC73638202D340D00C186EE /* Build configuration list for PBXProject "OCSP" */ = {
			isa = XCConfigurationList;
			buildConfigurations = (
				3DC73644202D340D00C186EE /* Debug */,
				3DC73645202D340D00C186EE /* Release */,
			);
			defaultConfigurationIsVisible = 0;
			defaultConfigurationName = Release;
		};
		3DC73646202D340D00C186EE /* Build configuration list for PBXNativeTarget "OCSP" */ = {
			isa = XCConfigurationList;
			buildConfigurations = (
				3DC73647202D340D00C186EE /* Debug */,
				3DC73648202D340D00C186EE /* Release */,
			);
			defaultConfigurationIsVisible = 0;
			defaultConfigurationName = Release;
		};
		3DC73655202D342500C186EE /* Build configuration list for PBXNativeTarget "OCSPTests" */ = {
			isa = XCConfigurationList;
			buildConfigurations = (
				3DC73656202D342500C186EE /* Debug */,
				3DC73657202D342500C186EE /* Release */,
			);
			defaultConfigurationIsVisible = 0;
			defaultConfigurationName = Release;
		};
/* End XCConfigurationList section */
	};
	rootObject = 3DC73635202D340D00C186EE /* Project object */;
}
